{
  "name": "svelte-material-symbols",
  "version": "0.0.5",
  "lockfileVersion": 3,
  "requires": true,
  "packages": {
    "": {
      "name": "svelte-material-symbols",
      "version": "0.0.5",
      "license": "MIT",
      "devDependencies": {
        "google-icons-names": "file:.\\names"
      },
      "peerDependencies": {
        "svelte": "^3.0.0"
      }
    },
    "node_modules/google-icons-names": {
      "version": "1.0.0",
      "resolved": "file:names",
      "dev": true,
      "license": "MIT"
    },
    "node_modules/svelte": {
      "version": "3.55.1",
      "resolved": "https://registry.npmjs.org/svelte/-/svelte-3.55.1.tgz",
      "integrity": "sha512-S+87/P0Ve67HxKkEV23iCdAh/SX1xiSfjF1HOglno/YTbSTW7RniICMCofWGdJJbdjw3S+0PfFb1JtGfTXE0oQ==",
      "peer": true,
      "engines": {
        "node": ">= 8"
      }
    }
  }
}
